
Microsoft Visual Studio Solution File, Format Version 12.00
# Visual Studio Version 17
VisualStudioVersion = 17.7.34202.233
MinimumVisualStudioVersion = 10.0.40219.1
Project("{8BC9CEB8-8B4A-11D0-8D11-00A0C91BC942}") = "ConsoleApplication3", "ConsoleApplication3\ConsoleApplication3.vcxproj", "{EC568CEF-8455-43E1-B036-C10CC6D59BAC}"
EndProject
Project("{8BC9CEB8-8B4A-11D0-8D11-00A0C91BC942}") = "Sample-Test1", "Sample-Test1\Sample-Test1.vcxproj", "{865583E0-C528-4CBF-BA97-F8AA18A2E39D}"
EndProject
Global
	GlobalSection(SolutionConfigurationPlatforms) = preSolution
		Debug|x64 = Debug|x64
		Debug|x86 = Debug|x86
		Release|x64 = Release|x64
		Release|x86 = Release|x86
	EndGlobalSection
	GlobalSection(ProjectConfigurationPlatforms) = postSolution
		{EC568CEF-8455-43E1-B036-C10CC6D59BAC}.Debug|x64.ActiveCfg = Debug|x64
		{EC568CEF-8455-43E1-B036-C10CC6D59BAC}.Debug|x64.Build.0 = Debug|x64
		{EC568CEF-8455-43E1-B036-C10CC6D59BAC}.Debug|x86.ActiveCfg = Debug|Win32
		{EC568CEF-8455-43E1-B036-C10CC6D59BAC}.Debug|x86.Build.0 = Debug|Win32
		{EC568CEF-8455-43E1-B036-C10CC6D59BAC}.Release|x64.ActiveCfg = Release|x64
		{EC568CEF-8455-43E1-B036-C10CC6D59BAC}.Release|x64.Build.0 = Release|x64
		{EC568CEF-8455-43E1-B036-C10CC6D59BAC}.Release|x86.ActiveCfg = Release|Win32
		{EC568CEF-8455-43E1-B036-C10CC6D59BAC}.Release|x86.Build.0 = Release|Win32
		{865583E0-C528-4CBF-BA97-F8AA18A2E39D}.Debug|x64.ActiveCfg = Debug|x64
		{865583E0-C528-4CBF-BA97-F8AA18A2E39D}.Debug|x64.Build.0 = Debug|x64
		{865583E0-C528-4CBF-BA97-F8AA18A2E39D}.Debug|x86.ActiveCfg = Debug|Win32
		{865583E0-C528-4CBF-BA97-F8AA18A2E39D}.Debug|x86.Build.0 = Debug|Win32
		{865583E0-C528-4CBF-BA97-F8AA18A2E39D}.Release|x64.ActiveCfg = Release|x64
		{865583E0-C528-4CBF-BA97-F8AA18A2E39D}.Release|x64.Build.0 = Release|x64
		{865583E0-C528-4CBF-BA97-F8AA18A2E39D}.Release|x86.ActiveCfg = Release|Win32
		{865583E0-C528-4CBF-BA97-F8AA18A2E39D}.Release|x86.Build.0 = Release|Win32
	EndGlobalSection
	GlobalSection(SolutionProperties) = preSolution
		HideSolutionNode = FALSE
	EndGlobalSection
	GlobalSection(ExtensibilityGlobals) = postSolution
		SolutionGuid = {801DDB3E-F09F-40A3-960C-640A4BCF6D28}
	EndGlobalSection
EndGlobal
